// !$*UTF8*$!
{
	archiveVersion = 1;
	classes = {
	};
	objectVersion = 55;
	objects = {

/* Begin PBXBuildFile section */
		22B602B0279B314E0060CF25 /* ConvertViewController.swift in Sources */ = {isa = PBXBuildFile; fileRef = 22B602AF279B314E0060CF25 /* ConvertViewController.swift */; };
		22B602B2279B31D30060CF25 /* AppPlatform.swift in Sources */ = {isa = PBXBuildFile; fileRef = 22B602B1279B31D30060CF25 /* AppPlatform.swift */; };
		22CDE3A0279BD260001997DA /* AppConverter.swift in Sources */ = {isa = PBXBuildFile; fileRef = 22CDE39F279BD260001997DA /* AppConverter.swift */; };
		22CDE3A2279BD331001997DA /* AppConverterDelegate.swift in Sources */ = {isa = PBXBuildFile; fileRef = 22CDE3A1279BD331001997DA /* AppConverterDelegate.swift */; };
		22D392EA279B8CB700697679 /* URL+Extensions.swift in Sources */ = {isa = PBXBuildFile; fileRef = 22D392E9279B8CB700697679 /* URL+Extensions.swift */; };
		22DEAF92279A4E3900FF3128 /* AppDelegate.swift in Sources */ = {isa = PBXBuildFile; fileRef = 22DEAF91279A4E3900FF3128 /* AppDelegate.swift */; };
		22DEAF94279A4E3900FF3128 /* ViewController.swift in Sources */ = {isa = PBXBuildFile; fileRef = 22DEAF93279A4E3900FF3128 /* ViewController.swift */; };
		22DEAF96279A4E3B00FF3128 /* Assets.xcassets in Resources */ = {isa = PBXBuildFile; fileRef = 22DEAF95279A4E3B00FF3128 /* Assets.xcassets */; };
		22DEAF99279A4E3B00FF3128 /* Main.storyboard in Resources */ = {isa = PBXBuildFile; fileRef = 22DEAF97279A4E3B00FF3128 /* Main.storyboard */; };
		22F48796279CF7BB009B5980 /* FilesHelper.swift in Sources */ = {isa = PBXBuildFile; fileRef = 22F48795279CF7BB009B5980 /* FilesHelper.swift */; };
		22F48798279D2078009B5980 /* WatchKitExtensionInfoTemplate.plist in Resources */ = {isa = PBXBuildFile; fileRef = 22F48797279D2078009B5980 /* WatchKitExtensionInfoTemplate.plist */; };
/* End PBXBuildFile section */

/* Begin PBXFileReference section */
		22B602AF279B314E0060CF25 /* ConvertViewController.swift */ = {isa = PBXFileReference; lastKnownFileType = sourcecode.swift; path = ConvertViewController.swift; sourceTree = "<group>"; };
		22B602B1279B31D30060CF25 /* AppPlatform.swift */ = {isa = PBXFileReference; lastKnownFileType = sourcecode.swift; path = AppPlatform.swift; sourceTree = "<group>"; };
		22CDE39F279BD260001997DA /* AppConverter.swift */ = {isa = PBXFileReference; lastKnownFileType = sourcecode.swift; path = AppConverter.swift; sourceTree = "<group>"; };
		22CDE3A1279BD331001997DA /* AppConverterDelegate.swift */ = {isa = PBXFileReference; lastKnownFileType = sourcecode.swift; path = AppConverterDelegate.swift; sourceTree = "<group>"; };
		22D392E9279B8CB700697679 /* URL+Extensions.swift */ = {isa = PBXFileReference; lastKnownFileType = sourcecode.swift; path = "URL+Extensions.swift"; sourceTree = "<group>"; };
		22DEAF8E279A4E3900FF3128 /* iAppConverter.app */ = {isa = PBXFileReference; explicitFileType = wrapper.application; includeInIndex = 0; path = iAppConverter.app; sourceTree = BUILT_PRODUCTS_DIR; };
		22DEAF91279A4E3900FF3128 /* AppDelegate.swift */ = {isa = PBXFileReference; lastKnownFileType = sourcecode.swift; path = AppDelegate.swift; sourceTree = "<group>"; };
		22DEAF93279A4E3900FF3128 /* ViewController.swift */ = {isa = PBXFileReference; lastKnownFileType = sourcecode.swift; path = ViewController.swift; sourceTree = "<group>"; };
		22DEAF95279A4E3B00FF3128 /* Assets.xcassets */ = {isa = PBXFileReference; lastKnownFileType = folder.assetcatalog; path = Assets.xcassets; sourceTree = "<group>"; };
		22DEAF98279A4E3B00FF3128 /* Base */ = {isa = PBXFileReference; lastKnownFileType = file.storyboard; name = Base; path = Base.lproj/Main.storyboard; sourceTree = "<group>"; };
		22DEAF9A279A4E3B00FF3128 /* iAppConverter.entitlements */ = {isa = PBXFileReference; lastKnownFileType = text.plist.entitlements; path = iAppConverter.entitlements; sourceTree = "<group>"; };
		22F48795279CF7BB009B5980 /* FilesHelper.swift */ = {isa = PBXFileReference; fileEncoding = 4; lastKnownFileType = sourcecode.swift; path = FilesHelper.swift; sourceTree = "<group>"; };
		22F48797279D2078009B5980 /* WatchKitExtensionInfoTemplate.plist */ = {isa = PBXFileReference; lastKnownFileType = file.bplist; path = WatchKitExtensionInfoTemplate.plist; sourceTree = "<group>"; };
/* End PBXFileReference section */

/* Begin PBXFrameworksBuildPhase section */
		22DEAF8B279A4E3900FF3128 /* Frameworks */ = {
			isa = PBXFrameworksBuildPhase;
			buildActionMask = 2147483647;
			files = (
			);
			runOnlyForDeploymentPostprocessing = 0;
		};
/* End PBXFrameworksBuildPhase section */

/* Begin PBXGroup section */
		228E8ACC279D2CA100FDA8E6 /* Views */ = {
			isa = PBXGroup;
			children = (
				22DEAF93279A4E3900FF3128 /* ViewController.swift */,
				22B602AF279B314E0060CF25 /* ConvertViewController.swift */,
				22DEAF97279A4E3B00FF3128 /* Main.storyboard */,
			);
			path = Views;
			sourceTree = "<group>";
		};
		228E8ACD279D2CB100FDA8E6 /* App Converter */ = {
			isa = PBXGroup;
			children = (
				22CDE39F279BD260001997DA /* AppConverter.swift */,
				22CDE3A1279BD331001997DA /* AppConverterDelegate.swift */,
				22B602B1279B31D30060CF25 /* AppPlatform.swift */,
			);
			path = "App Converter";
			sourceTree = "<group>";
		};
		228E8ACE279D2CC400FDA8E6 /* Accessories */ = {
			isa = PBXGroup;
			children = (
				22F48795279CF7BB009B5980 /* FilesHelper.swift */,
			);
			path = Accessories;
			sourceTree = "<group>";
		};
		228E8ACF279D2CD000FDA8E6 /* Extensions */ = {
			isa = PBXGroup;
			children = (
				22D392E9279B8CB700697679 /* URL+Extensions.swift */,
			);
			path = Extensions;
			sourceTree = "<group>";
		};
		22DEAF85279A4E3800FF3128 = {
			isa = PBXGroup;
			children = (
				22DEAF90279A4E3900FF3128 /* iAppConverter */,
				22DEAF8F279A4E3900FF3128 /* Products */,
			);
			sourceTree = "<group>";
		};
		22DEAF8F279A4E3900FF3128 /* Products */ = {
			isa = PBXGroup;
			children = (
				22DEAF8E279A4E3900FF3128 /* iAppConverter.app */,
			);
			name = Products;
			sourceTree = "<group>";
		};
		22DEAF90279A4E3900FF3128 /* iAppConverter */ = {
			isa = PBXGroup;
			children = (
				22DEAF91279A4E3900FF3128 /* AppDelegate.swift */,
				228E8ACC279D2CA100FDA8E6 /* Views */,
				228E8ACD279D2CB100FDA8E6 /* App Converter */,
				228E8ACE279D2CC400FDA8E6 /* Accessories */,
				228E8ACF279D2CD000FDA8E6 /* Extensions */,
				22F48797279D2078009B5980 /* WatchKitExtensionInfoTemplate.plist */,
				22DEAF95279A4E3B00FF3128 /* Assets.xcassets */,
				22DEAF9A279A4E3B00FF3128 /* iAppConverter.entitlements */,
			);
			path = iAppConverter;
			sourceTree = "<group>";
		};
/* End PBXGroup section */

/* Begin PBXNativeTarget section */
		22DEAF8D279A4E3900FF3128 /* iAppConverter */ = {
			isa = PBXNativeTarget;
			buildConfigurationList = 22DEAF9D279A4E3B00FF3128 /* Build configuration list for PBXNativeTarget "iAppConverter" */;
			buildPhases = (
				22DEAF8A279A4E3900FF3128 /* Sources */,
				22DEAF8B279A4E3900FF3128 /* Frameworks */,
				22DEAF8C279A4E3900FF3128 /* Resources */,
			);
			buildRules = (
			);
			dependencies = (
			);
			name = iAppConverter;
			productName = iTinkerTool;
			productReference = 22DEAF8E279A4E3900FF3128 /* iAppConverter.app */;
			productType = "com.apple.product-type.application";
		};
/* End PBXNativeTarget section */

/* Begin PBXProject section */
		22DEAF86279A4E3800FF3128 /* Project object */ = {
			isa = PBXProject;
			attributes = {
				BuildIndependentTargetsInParallel = 1;
				LastSwiftUpdateCheck = 1320;
				LastUpgradeCheck = 1320;
				TargetAttributes = {
					22DEAF8D279A4E3900FF3128 = {
						CreatedOnToolsVersion = 13.2.1;
						LastSwiftMigration = 1320;
					};
				};
			};
			buildConfigurationList = 22DEAF89279A4E3800FF3128 /* Build configuration list for PBXProject "iAppConverter" */;
			compatibilityVersion = "Xcode 13.0";
			developmentRegion = en;
			hasScannedForEncodings = 0;
			knownRegions = (
				en,
				Base,
			);
			mainGroup = 22DEAF85279A4E3800FF3128;
			productRefGroup = 22DEAF8F279A4E3900FF3128 /* Products */;
			projectDirPath = "";
			projectRoot = "";
			targets = (
				22DEAF8D279A4E3900FF3128 /* iAppConverter */,
			);
		};
/* End PBXProject section */

/* Begin PBXResourcesBuildPhase section */
		22DEAF8C279A4E3900FF3128 /* Resources */ = {
			isa = PBXResourcesBuildPhase;
			buildActionMask = 2147483647;
			files = (
				22DEAF96279A4E3B00FF3128 /* Assets.xcassets in Resources */,
				22DEAF99279A4E3B00FF3128 /* Main.storyboard in Resources */,
				22F48798279D2078009B5980 /* WatchKitExtensionInfoTemplate.plist in Resources */,
			);
			runOnlyForDeploymentPostprocessing = 0;
		};
/* End PBXResourcesBuildPhase section */

/* Begin PBXSourcesBuildPhase section */
		22DEAF8A279A4E3900FF3128 /* Sources */ = {
			isa = PBXSourcesBuildPhase;
			buildActionMask = 2147483647;
			files = (
				22CDE3A0279BD260001997DA /* AppConverter.swift in Sources */,
				22DEAF94279A4E3900FF3128 /* ViewController.swift in Sources */,
				22D392EA279B8CB700697679 /* URL+Extensions.swift in Sources */,
				22DEAF92279A4E3900FF3128 /* AppDelegate.swift in Sources */,
				22CDE3A2279BD331001997DA /* AppConverterDelegate.swift in Sources */,
				22B602B0279B314E0060CF25 /* ConvertViewController.swift in Sources */,
				22B602B2279B31D30060CF25 /* AppPlatform.swift in Sources */,
				22F48796279CF7BB009B5980 /* FilesHelper.swift in Sources */,
			);
			runOnlyForDeploymentPostprocessing = 0;
		};
/* End PBXSourcesBuildPhase section */

/* Begin PBXVariantGroup section */
		22DEAF97279A4E3B00FF3128 /* Main.storyboard */ = {
			isa = PBXVariantGroup;
			children = (
				22DEAF98279A4E3B00FF3128 /* Base */,
			);
			name = Main.storyboard;
			sourceTree = "<group>";
		};
/* End PBXVariantGroup section */

/* Begin XCBuildConfiguration section */
		22DEAF9B279A4E3B00FF3128 /* Debug */ = {
			isa = XCBuildConfiguration;
			buildSettings = {
				ALWAYS_SEARCH_USER_PATHS = NO;
				CLANG_ANALYZER_NONNULL = YES;
				CLANG_ANALYZER_NUMBER_OBJECT_CONVERSION = YES_AGGRESSIVE;
				CLANG_CXX_LANGUAGE_STANDARD = "gnu++17";
				CLANG_CXX_LIBRARY = "libc++";
				CLANG_ENABLE_MODULES = YES;
				CLANG_ENABLE_OBJC_ARC = YES;
				CLANG_ENABLE_OBJC_WEAK = YES;
				CLANG_WARN_BLOCK_CAPTURE_AUTORELEASING = YES;
				CLANG_WARN_BOOL_CONVERSION = YES;
				CLANG_WARN_COMMA = YES;
				CLANG_WARN_CONSTANT_CONVERSION = YES;
				CLANG_WARN_DEPRECATED_OBJC_IMPLEMENTATIONS = YES;
				CLANG_WARN_DIRECT_OBJC_ISA_USAGE = YES_ERROR;
				CLANG_WARN_DOCUMENTATION_COMMENTS = YES;
				CLANG_WARN_EMPTY_BODY = YES;
				CLANG_WARN_ENUM_CONVERSION = YES;
				CLANG_WARN_INFINITE_RECURSION = YES;
				CLANG_WARN_INT_CONVERSION = YES;
				CLANG_WARN_NON_LITERAL_NULL_CONVERSION = YES;
				CLANG_WARN_OBJC_IMPLICIT_RETAIN_SELF = YES;
				CLANG_WARN_OBJC_LITERAL_CONVERSION = YES;
				CLANG_WARN_OBJC_ROOT_CLASS = YES_ERROR;
				CLANG_WARN_QUOTED_INCLUDE_IN_FRAMEWORK_HEADER = YES;
				CLANG_WARN_RANGE_LOOP_ANALYSIS = YES;
				CLANG_WARN_STRICT_PROTOTYPES = YES;
				CLANG_WARN_SUSPICIOUS_MOVE = YES;
				CLANG_WARN_UNGUARDED_AVAILABILITY = YES_AGGRESSIVE;
				CLANG_WARN_UNREACHABLE_CODE = YES;
				CLANG_WARN__DUPLICATE_METHOD_MATCH = YES;
				COPY_PHASE_STRIP = NO;
				DEBUG_INFORMATION_FORMAT = dwarf;
				ENABLE_STRICT_OBJC_MSGSEND = YES;
				ENABLE_TESTABILITY = YES;
				GCC_C_LANGUAGE_STANDARD = gnu11;
				GCC_DYNAMIC_NO_PIC = NO;
				GCC_NO_COMMON_BLOCKS = YES;
				GCC_OPTIMIZATION_LEVEL = 0;
				GCC_PREPROCESSOR_DEFINITIONS = (
					"DEBUG=1",
					"$(inherited)",
				);
				GCC_WARN_64_TO_32_BIT_CONVERSION = YES;
				GCC_WARN_ABOUT_RETURN_TYPE = YES_ERROR;
				GCC_WARN_UNDECLARED_SELECTOR = YES;
				GCC_WARN_UNINITIALIZED_AUTOS = YES_AGGRESSIVE;
				GCC_WARN_UNUSED_FUNCTION = YES;
				GCC_WARN_UNUSED_VARIABLE = YES;
				MACOSX_DEPLOYMENT_TARGET = 12.1;
				MTL_ENABLE_DEBUG_INFO = INCLUDE_SOURCE;
				MTL_FAST_MATH = YES;
				ONLY_ACTIVE_ARCH = YES;
				SDKROOT = macosx;
				SWIFT_ACTIVE_COMPILATION_CONDITIONS = DEBUG;
				SWIFT_OPTIMIZATION_LEVEL = "-Onone";
			};
			name = Debug;
		};
		22DEAF9C279A4E3B00FF3128 /* Release */ = {
			isa = XCBuildConfiguration;
			buildSettings = {
				ALWAYS_SEARCH_USER_PATHS = NO;
				CLANG_ANALYZER_NONNULL = YES;
				CLANG_ANALYZER_NUMBER_OBJECT_CONVERSION = YES_AGGRESSIVE;
				CLANG_CXX_LANGUAGE_STANDARD = "gnu++17";
				CLANG_CXX_LIBRARY = "libc++";
				CLANG_ENABLE_MODULES = YES;
				CLANG_ENABLE_OBJC_ARC = YES;
				CLANG_ENABLE_OBJC_WEAK = YES;
				CLANG_WARN_BLOCK_CAPTURE_AUTORELEASING = YES;
				CLANG_WARN_BOOL_CONVERSION = YES;
				CLANG_WARN_COMMA = YES;
				CLANG_WARN_CONSTANT_CONVERSION = YES;
				CLANG_WARN_DEPRECATED_OBJC_IMPLEMENTATIONS = YES;
				CLANG_WARN_DIRECT_OBJC_ISA_USAGE = YES_ERROR;
				CLANG_WARN_DOCUMENTATION_COMMENTS = YES;
				CLANG_WARN_EMPTY_BODY = YES;
				CLANG_WARN_ENUM_CONVERSION = YES;
				CLANG_WARN_INFINITE_RECURSION = YES;
				CLANG_WARN_INT_CONVERSION = YES;
				CLANG_WARN_NON_LITERAL_NULL_CONVERSION = YES;
				CLANG_WARN_OBJC_IMPLICIT_RETAIN_SELF = YES;
				CLANG_WARN_OBJC_LITERAL_CONVERSION = YES;
				CLANG_WARN_OBJC_ROOT_CLASS = YES_ERROR;
				CLANG_WARN_QUOTED_INCLUDE_IN_FRAMEWORK_HEADER = YES;
				CLANG_WARN_RANGE_LOOP_ANALYSIS = YES;
				CLANG_WARN_STRICT_PROTOTYPES = YES;
				CLANG_WARN_SUSPICIOUS_MOVE = YES;
				CLANG_WARN_UNGUARDED_AVAILABILITY = YES_AGGRESSIVE;
				CLANG_WARN_UNREACHABLE_CODE = YES;
				CLANG_WARN__DUPLICATE_METHOD_MATCH = YES;
				COPY_PHASE_STRIP = NO;
				DEBUG_INFORMATION_FORMAT = "dwarf-with-dsym";
				ENABLE_NS_ASSERTIONS = NO;
				ENABLE_STRICT_OBJC_MSGSEND = YES;
				GCC_C_LANGUAGE_STANDARD = gnu11;
				GCC_NO_COMMON_BLOCKS = YES;
				GCC_WARN_64_TO_32_BIT_CONVERSION = YES;
				GCC_WARN_ABOUT_RETURN_TYPE = YES_ERROR;
				GCC_WARN_UNDECLARED_SELECTOR = YES;
				GCC_WARN_UNINITIALIZED_AUTOS = YES_AGGRESSIVE;
				GCC_WARN_UNUSED_FUNCTION = YES;
				GCC_WARN_UNUSED_VARIABLE = YES;
				MACOSX_DEPLOYMENT_TARGET = 12.1;
				MTL_ENABLE_DEBUG_INFO = NO;
				MTL_FAST_MATH = YES;
				SDKROOT = macosx;
				SWIFT_COMPILATION_MODE = wholemodule;
				SWIFT_OPTIMIZATION_LEVEL = "-O";
			};
			name = Release;
		};
		22DEAF9E279A4E3B00FF3128 /* Debug */ = {
			isa = XCBuildConfiguration;
			buildSettings = {
				ASSETCATALOG_COMPILER_APPICON_NAME = AppIcon;
				ASSETCATALOG_COMPILER_GLOBAL_ACCENT_COLOR_NAME = AccentColor;
				CLANG_ENABLE_MODULES = YES;
				CODE_SIGN_ENTITLEMENTS = iAppConverter/iAppConverter.entitlements;
				CODE_SIGN_STYLE = Automatic;
				COMBINE_HIDPI_IMAGES = YES;
				CURRENT_PROJECT_VERSION = 1;
				GENERATE_INFOPLIST_FILE = YES;
				INFOPLIST_KEY_NSHumanReadableCopyright = "© 2022-∞ Nitin Seshadri. All rights reserved.";
				INFOPLIST_KEY_NSMainStoryboardFile = Main;
				INFOPLIST_KEY_NSPrincipalClass = NSApplication;
				LD_RUNPATH_SEARCH_PATHS = (
					"$(inherited)",
					"@executable_path/../Frameworks",
				);
				MACOSX_DEPLOYMENT_TARGET = 11.5;
				MARKETING_VERSION = 1.0;
				PRODUCT_BUNDLE_IDENTIFIER = com.nitinseshadri.appconverter;
				PRODUCT_NAME = "$(TARGET_NAME)";
				SWIFT_EMIT_LOC_STRINGS = YES;
				SWIFT_OPTIMIZATION_LEVEL = "-Onone";
				SWIFT_VERSION = 5.0;
			};
			name = Debug;
		};
		22DEAF9F279A4E3B00FF3128 /* Release */ = {
			isa = XCBuildConfiguration;
			buildSettings = {
				ASSETCATALOG_COMPILER_APPICON_NAME = AppIcon;
				ASSETCATALOG_COMPILER_GLOBAL_ACCENT_COLOR_NAME = AccentColor;
				CLANG_ENABLE_MODULES = YES;
				CODE_SIGN_ENTITLEMENTS = iAppConverter/iAppConverter.entitlements;
				CODE_SIGN_STYLE = Automatic;
				COMBINE_HIDPI_IMAGES = YES;
				CURRENT_PROJECT_VERSION = 1;
				GENERATE_INFOPLIST_FILE = YES;
				INFOPLIST_KEY_NSHumanReadableCopyright = "© 2022-∞ Nitin Seshadri. All rights reserved.";
				INFOPLIST_KEY_NSMainStoryboardFile = Main;
				INFOPLIST_KEY_NSPrincipalClass = NSApplication;
				LD_RUNPATH_SEARCH_PATHS = (
					"$(inherited)",
					"@executable_path/../Frameworks",
				);
				MACOSX_DEPLOYMENT_TARGET = 11.5;
				MARKETING_VERSION = 1.0;
				PRODUCT_BUNDLE_IDENTIFIER = com.nitinseshadri.appconverter;
				PRODUCT_NAME = "$(TARGET_NAME)";
				SWIFT_EMIT_LOC_STRINGS = YES;
				SWIFT_VERSION = 5.0;
			};
			name = Release;
		};
/* End XCBuildConfiguration section */

/* Begin XCConfigurationList section */
		22DEAF89279A4E3800FF3128 /* Build configuration list for PBXProject "iAppConverter" */ = {
			isa = XCConfigurationList;
			buildConfigurations = (
				22DEAF9B279A4E3B00FF3128 /* Debug */,
				22DEAF9C279A4E3B00FF3128 /* Release */,
			);
			defaultConfigurationIsVisible = 0;
			defaultConfigurationName = Release;
		};
		22DEAF9D279A4E3B00FF3128 /* Build configuration list for PBXNativeTarget "iAppConverter" */ = {
			isa = XCConfigurationList;
			buildConfigurations = (
				22DEAF9E279A4E3B00FF3128 /* Debug */,
				22DEAF9F279A4E3B00FF3128 /* Release */,
			);
			defaultConfigurationIsVisible = 0;
			defaultConfigurationName = Release;
		};
/* End XCConfigurationList section */
	};
	rootObject = 22DEAF86279A4E3800FF3128 /* Project object */;
}
